
Microsoft Visual Studio Solution File, Format Version 12.00
# Visual Studio 15
Project("{FAE04EC0-301F-11D3-BF4B-00C04F79EFBC}") = "Assembly-CSharp", "Assembly-CSharp.csproj", "{960F4A7A-6FE8-26C5-BD6A-509135BBFDBC}"
EndProject
Project("{FAE04EC0-301F-11D3-BF4B-00C04F79EFBC}") = "Assembly-CSharp-Editor", "Assembly-CSharp-Editor.csproj", "{7B935DFB-1FDA-4EFC-36E9-0F7D94A84799}"
EndProject
Global
	GlobalSection(SolutionConfigurationPlatforms) = preSolution
		Debug|Any CPU = Debug|Any CPU
		Release|Any CPU = Release|Any CPU
	EndGlobalSection
	GlobalSection(ProjectConfigurationPlatforms) = postSolution
		{960F4A7A-6FE8-26C5-BD6A-509135BBFDBC}.Debug|Any CPU.ActiveCfg = Debug|Any CPU
		{960F4A7A-6FE8-26C5-BD6A-509135BBFDBC}.Debug|Any CPU.Build.0 = Debug|Any CPU
		{960F4A7A-6FE8-26C5-BD6A-509135BBFDBC}.Release|Any CPU.ActiveCfg = Release|Any CPU
		{960F4A7A-6FE8-26C5-BD6A-509135BBFDBC}.Release|Any CPU.Build.0 = Release|Any CPU
		{7B935DFB-1FDA-4EFC-36E9-0F7D94A84799}.Debug|Any CPU.ActiveCfg = Debug|Any CPU
		{7B935DFB-1FDA-4EFC-36E9-0F7D94A84799}.Debug|Any CPU.Build.0 = Debug|Any CPU
		{7B935DFB-1FDA-4EFC-36E9-0F7D94A84799}.Release|Any CPU.ActiveCfg = Release|Any CPU
		{7B935DFB-1FDA-4EFC-36E9-0F7D94A84799}.Release|Any CPU.Build.0 = Release|Any CPU
	EndGlobalSection
	GlobalSection(SolutionProperties) = preSolution
		HideSolutionNode = FALSE
	EndGlobalSection
EndGlobal
